
Microsoft Visual Studio Solution File, Format Version 12.00
# Visual Studio 15
VisualStudioVersion = 15.0.27130.2024
MinimumVisualStudioVersion = 10.0.40219.1
Project("{888888A0-9F3D-457C-B088-3A5042F75D52}") = "OpenCVTesting", "OpenCVTesting\OpenCVTesting.pyproj", "{859D06AE-BCEA-4BC2-8E20-82E3609FC742}"
EndProject
Global
	GlobalSection(SolutionConfigurationPlatforms) = preSolution
		Debug|Any CPU = Debug|Any CPU
		Release|Any CPU = Release|Any CPU
	EndGlobalSection
	GlobalSection(ProjectConfigurationPlatforms) = postSolution
		{859D06AE-BCEA-4BC2-8E20-82E3609FC742}.Debug|Any CPU.ActiveCfg = Debug|Any CPU
		{859D06AE-BCEA-4BC2-8E20-82E3609FC742}.Release|Any CPU.ActiveCfg = Release|Any CPU
	EndGlobalSection
	GlobalSection(SolutionProperties) = preSolution
		HideSolutionNode = FALSE
	EndGlobalSection
	GlobalSection(ExtensibilityGlobals) = postSolution
		SolutionGuid = {266EC4BE-6014-4E22-8415-CDE378BD2860}
	EndGlobalSection
EndGlobal
